
Microsoft Visual Studio Solution File, Format Version 12.00
# Visual Studio Version 17
VisualStudioVersion = 17.5.33627.172
MinimumVisualStudioVersion = 10.0.40219.1
Project("{FAE04EC0-301F-11D3-BF4B-00C04F79EFBC}") = "StudentDailyReport", "StudentDailyReport.csproj", "{89096454-9D62-4FF9-86FA-6C6C2EB99D13}"
EndProject
Global
	GlobalSection(SolutionConfigurationPlatforms) = preSolution
		Debug|Any CPU = Debug|Any CPU
		Release|Any CPU = Release|Any CPU
	EndGlobalSection
	GlobalSection(ProjectConfigurationPlatforms) = postSolution
		{89096454-9D62-4FF9-86FA-6C6C2EB99D13}.Debug|Any CPU.ActiveCfg = Debug|Any CPU
		{89096454-9D62-4FF9-86FA-6C6C2EB99D13}.Debug|Any CPU.Build.0 = Debug|Any CPU
		{89096454-9D62-4FF9-86FA-6C6C2EB99D13}.Release|Any CPU.ActiveCfg = Release|Any CPU
		{89096454-9D62-4FF9-86FA-6C6C2EB99D13}.Release|Any CPU.Build.0 = Release|Any CPU
	EndGlobalSection
	GlobalSection(SolutionProperties) = preSolution
		HideSolutionNode = FALSE
	EndGlobalSection
	GlobalSection(ExtensibilityGlobals) = postSolution
		SolutionGuid = {354C750F-362B-44C4-9BD1-9D5D98A4565F}
	EndGlobalSection
EndGlobal
