
Microsoft Visual Studio Solution File, Format Version 12.00
# Visual Studio Version 17
VisualStudioVersion = 17.5.33627.172
MinimumVisualStudioVersion = 10.0.40219.1
Project("{FAE04EC0-301F-11D3-BF4B-00C04F79EFBC}") = "acmeAccountingSystem", "acmeAccountingSystem\acmeAccountingSystem.csproj", "{C3E84BA4-87FB-4A56-B11F-9C714A70A09C}"
EndProject
Global
	GlobalSection(SolutionConfigurationPlatforms) = preSolution
		Debug|Any CPU = Debug|Any CPU
		Release|Any CPU = Release|Any CPU
	EndGlobalSection
	GlobalSection(ProjectConfigurationPlatforms) = postSolution
		{C3E84BA4-87FB-4A56-B11F-9C714A70A09C}.Debug|Any CPU.ActiveCfg = Debug|Any CPU
		{C3E84BA4-87FB-4A56-B11F-9C714A70A09C}.Debug|Any CPU.Build.0 = Debug|Any CPU
		{C3E84BA4-87FB-4A56-B11F-9C714A70A09C}.Release|Any CPU.ActiveCfg = Release|Any CPU
		{C3E84BA4-87FB-4A56-B11F-9C714A70A09C}.Release|Any CPU.Build.0 = Release|Any CPU
	EndGlobalSection
	GlobalSection(SolutionProperties) = preSolution
		HideSolutionNode = FALSE
	EndGlobalSection
	GlobalSection(ExtensibilityGlobals) = postSolution
		SolutionGuid = {F1411E87-8AC8-4E29-A18B-E13E3D8369C7}
	EndGlobalSection
EndGlobal
