
Microsoft Visual Studio Solution File, Format Version 12.00
# Visual Studio Version 17
VisualStudioVersion = 17.5.33627.172
MinimumVisualStudioVersion = 10.0.40219.1
Project("{FAE04EC0-301F-11D3-BF4B-00C04F79EFBC}") = "MethodsOptionalParameters", "MethodsOptionalParameters.csproj", "{FAC7E814-FF35-4B41-B045-AEC9ABB22E7E}"
EndProject
Global
	GlobalSection(SolutionConfigurationPlatforms) = preSolution
		Debug|Any CPU = Debug|Any CPU
		Release|Any CPU = Release|Any CPU
	EndGlobalSection
	GlobalSection(ProjectConfigurationPlatforms) = postSolution
		{FAC7E814-FF35-4B41-B045-AEC9ABB22E7E}.Debug|Any CPU.ActiveCfg = Debug|Any CPU
		{FAC7E814-FF35-4B41-B045-AEC9ABB22E7E}.Debug|Any CPU.Build.0 = Debug|Any CPU
		{FAC7E814-FF35-4B41-B045-AEC9ABB22E7E}.Release|Any CPU.ActiveCfg = Release|Any CPU
		{FAC7E814-FF35-4B41-B045-AEC9ABB22E7E}.Release|Any CPU.Build.0 = Release|Any CPU
	EndGlobalSection
	GlobalSection(SolutionProperties) = preSolution
		HideSolutionNode = FALSE
	EndGlobalSection
	GlobalSection(ExtensibilityGlobals) = postSolution
		SolutionGuid = {CD52D03E-03F8-4A64-9AF1-2F28EC7DDB82}
	EndGlobalSection
EndGlobal
