
Microsoft Visual Studio Solution File, Format Version 12.00
# Visual Studio Version 17
VisualStudioVersion = 17.5.33627.172
MinimumVisualStudioVersion = 10.0.40219.1
Project("{FAE04EC0-301F-11D3-BF4B-00C04F79EFBC}") = "GenericParameters", "GenericParameters.csproj", "{2790FA26-083A-4DC5-A14F-5DC572DFB7B4}"
EndProject
Global
	GlobalSection(SolutionConfigurationPlatforms) = preSolution
		Debug|Any CPU = Debug|Any CPU
		Release|Any CPU = Release|Any CPU
	EndGlobalSection
	GlobalSection(ProjectConfigurationPlatforms) = postSolution
		{2790FA26-083A-4DC5-A14F-5DC572DFB7B4}.Debug|Any CPU.ActiveCfg = Debug|Any CPU
		{2790FA26-083A-4DC5-A14F-5DC572DFB7B4}.Debug|Any CPU.Build.0 = Debug|Any CPU
		{2790FA26-083A-4DC5-A14F-5DC572DFB7B4}.Release|Any CPU.ActiveCfg = Release|Any CPU
		{2790FA26-083A-4DC5-A14F-5DC572DFB7B4}.Release|Any CPU.Build.0 = Release|Any CPU
	EndGlobalSection
	GlobalSection(SolutionProperties) = preSolution
		HideSolutionNode = FALSE
	EndGlobalSection
	GlobalSection(ExtensibilityGlobals) = postSolution
		SolutionGuid = {C2EBC2B1-3DCC-416A-8C5D-6D12FE7D6A6D}
	EndGlobalSection
EndGlobal
